
Microsoft Visual Studio Solution File, Format Version 12.00
# Visual Studio Version 17
VisualStudioVersion = 17.0.31903.59
MinimumVisualStudioVersion = 10.0.40219.1
Project("{FAE04EC0-301F-11D3-BF4B-00C04F79EFBC}") = "ServerSentEvents.PoC", "ServerSentEvents.PoC.csproj", "{159DC0F1-913D-4F59-82A7-44EB732D1178}"
EndProject
Global
	GlobalSection(SolutionConfigurationPlatforms) = preSolution
		Debug|Any CPU = Debug|Any CPU
		Release|Any CPU = Release|Any CPU
	EndGlobalSection
	GlobalSection(ProjectConfigurationPlatforms) = postSolution
		{159DC0F1-913D-4F59-82A7-44EB732D1178}.Debug|Any CPU.ActiveCfg = Debug|Any CPU
		{159DC0F1-913D-4F59-82A7-44EB732D1178}.Debug|Any CPU.Build.0 = Debug|Any CPU
		{159DC0F1-913D-4F59-82A7-44EB732D1178}.Release|Any CPU.ActiveCfg = Release|Any CPU
		{159DC0F1-913D-4F59-82A7-44EB732D1178}.Release|Any CPU.Build.0 = Release|Any CPU
	EndGlobalSection
	GlobalSection(SolutionProperties) = preSolution
		HideSolutionNode = FALSE
	EndGlobalSection
	GlobalSection(ExtensibilityGlobals) = postSolution
		SolutionGuid = {FDB16992-0804-469D-A0A0-076F1B2B90C6}
	EndGlobalSection
EndGlobal
